
Microsoft Visual Studio Solution File, Format Version 12.00
# Visual Studio 15
VisualStudioVersion = 15.0.28307.421
MinimumVisualStudioVersion = 10.0.40219.1
Project("{FAE04EC0-301F-11D3-BF4B-00C04F79EFBC}") = "LatihanPolymorphism", "LatihanPolymorphism\LatihanPolymorphism.csproj", "{C8F46F80-2EC3-4F1B-B3E4-DF376916A6CC}"
EndProject
Global
	GlobalSection(SolutionConfigurationPlatforms) = preSolution
		Debug|Any CPU = Debug|Any CPU
		Release|Any CPU = Release|Any CPU
	EndGlobalSection
	GlobalSection(ProjectConfigurationPlatforms) = postSolution
		{C8F46F80-2EC3-4F1B-B3E4-DF376916A6CC}.Debug|Any CPU.ActiveCfg = Debug|Any CPU
		{C8F46F80-2EC3-4F1B-B3E4-DF376916A6CC}.Debug|Any CPU.Build.0 = Debug|Any CPU
		{C8F46F80-2EC3-4F1B-B3E4-DF376916A6CC}.Release|Any CPU.ActiveCfg = Release|Any CPU
		{C8F46F80-2EC3-4F1B-B3E4-DF376916A6CC}.Release|Any CPU.Build.0 = Release|Any CPU
	EndGlobalSection
	GlobalSection(SolutionProperties) = preSolution
		HideSolutionNode = FALSE
	EndGlobalSection
	GlobalSection(ExtensibilityGlobals) = postSolution
		SolutionGuid = {F6645854-7DDB-4E00-BE62-56FB28EFD5B6}
	EndGlobalSection
EndGlobal
